
Microsoft Visual Studio Solution File, Format Version 12.00
# Visual Studio Version 17
VisualStudioVersion = 17.8.34316.72
MinimumVisualStudioVersion = 10.0.40219.1
Project("{FAE04EC0-301F-11D3-BF4B-00C04F79EFBC}") = "CadastroPessoasApi", "CadastroPessoasApi\CadastroPessoasApi.csproj", "{30802144-7FD4-46E4-AB34-0FC51E046806}"
EndProject
Global
	GlobalSection(SolutionConfigurationPlatforms) = preSolution
		Debug|Any CPU = Debug|Any CPU
		Release|Any CPU = Release|Any CPU
	EndGlobalSection
	GlobalSection(ProjectConfigurationPlatforms) = postSolution
		{30802144-7FD4-46E4-AB34-0FC51E046806}.Debug|Any CPU.ActiveCfg = Debug|Any CPU
		{30802144-7FD4-46E4-AB34-0FC51E046806}.Debug|Any CPU.Build.0 = Debug|Any CPU
		{30802144-7FD4-46E4-AB34-0FC51E046806}.Release|Any CPU.ActiveCfg = Release|Any CPU
		{30802144-7FD4-46E4-AB34-0FC51E046806}.Release|Any CPU.Build.0 = Release|Any CPU
	EndGlobalSection
	GlobalSection(SolutionProperties) = preSolution
		HideSolutionNode = FALSE
	EndGlobalSection
	GlobalSection(ExtensibilityGlobals) = postSolution
		SolutionGuid = {FFCECE25-806A-4CF4-B44E-E719A8B96825}
	EndGlobalSection
EndGlobal
